// !$*UTF8*$!
{
	archiveVersion = 1;
	classes = {
	};
	objectVersion = 46;
	objects = {

/* Begin PBXBuildFile section */
		9037DD329B60C1E8E632EA38 /* libPods-WYPageView.a in Frameworks */ = {isa = PBXBuildFile; fileRef = E766409E9BBFECAB279A4F7B /* libPods-WYPageView.a */; };
		940F97FB1F949DAE00B64DEE /* DemoBaseViewController.m in Sources */ = {isa = PBXBuildFile; fileRef = 940F97F51F949D7100B64DEE /* DemoBaseViewController.m */; };
		940F97FC1F949DAE00B64DEE /* DemoViewController.m in Sources */ = {isa = PBXBuildFile; fileRef = 940F97F81F949D7100B64DEE /* DemoViewController.m */; };
		940F97FD1F949DB500B64DEE /* NavViewController.m in Sources */ = {isa = PBXBuildFile; fileRef = 940F97FA1F949D7100B64DEE /* NavViewController.m */; };
		942E348A1F612C19002987A1 /* FiveViewController.m in Sources */ = {isa = PBXBuildFile; fileRef = 942E347A1F612C19002987A1 /* FiveViewController.m */; };
		942E348B1F612C19002987A1 /* FiveViewController.xib in Resources */ = {isa = PBXBuildFile; fileRef = 942E347B1F612C19002987A1 /* FiveViewController.xib */; };
		942E348C1F612C19002987A1 /* FourViewController.m in Sources */ = {isa = PBXBuildFile; fileRef = 942E347D1F612C19002987A1 /* FourViewController.m */; };
		942E348D1F612C19002987A1 /* FourViewController.xib in Resources */ = {isa = PBXBuildFile; fileRef = 942E347E1F612C19002987A1 /* FourViewController.xib */; };
		942E348F1F612C19002987A1 /* SixViewController.m in Sources */ = {isa = PBXBuildFile; fileRef = 942E34821F612C19002987A1 /* SixViewController.m */; };
		942E34901F612C19002987A1 /* SixViewController.xib in Resources */ = {isa = PBXBuildFile; fileRef = 942E34831F612C19002987A1 /* SixViewController.xib */; };
		942E34911F612C19002987A1 /* ThreeViewController.m in Sources */ = {isa = PBXBuildFile; fileRef = 942E34851F612C19002987A1 /* ThreeViewController.m */; };
		942E34921F612C19002987A1 /* ThreeViewController.xib in Resources */ = {isa = PBXBuildFile; fileRef = 942E34861F612C19002987A1 /* ThreeViewController.xib */; };
		942E34931F612C19002987A1 /* TwoViewController.m in Sources */ = {isa = PBXBuildFile; fileRef = 942E34881F612C19002987A1 /* TwoViewController.m */; };
		942E34941F612C19002987A1 /* TwoViewController.xib in Resources */ = {isa = PBXBuildFile; fileRef = 942E34891F612C19002987A1 /* TwoViewController.xib */; };
		942E351B1F613CBD002987A1 /* OneViewController.m in Sources */ = {isa = PBXBuildFile; fileRef = 942E35191F613CBD002987A1 /* OneViewController.m */; };
		942E351C1F613CBD002987A1 /* OneViewController.xib in Resources */ = {isa = PBXBuildFile; fileRef = 942E351A1F613CBD002987A1 /* OneViewController.xib */; };
		945FF6261F628893007C0B51 /* lwy1.jpeg in Resources */ = {isa = PBXBuildFile; fileRef = 945FF6251F628893007C0B51 /* lwy1.jpeg */; };
		945FF6291F628C1F007C0B51 /* lwy3.jpg in Resources */ = {isa = PBXBuildFile; fileRef = 945FF6271F628C1F007C0B51 /* lwy3.jpg */; };
		945FF62A1F628C1F007C0B51 /* lwy2.jpeg in Resources */ = {isa = PBXBuildFile; fileRef = 945FF6281F628C1F007C0B51 /* lwy2.jpeg */; };
		945FF62C1F628EA2007C0B51 /* lwy4.jpeg in Resources */ = {isa = PBXBuildFile; fileRef = 945FF62B1F628EA2007C0B51 /* lwy4.jpeg */; };
		948616AD1FA6CD3C00F48050 /* UIViewController+SafeArea.m in Sources */ = {isa = PBXBuildFile; fileRef = 948616AC1FA6CD3C00F48050 /* UIViewController+SafeArea.m */; };
		94A3389E1F41411E00958421 /* main.m in Sources */ = {isa = PBXBuildFile; fileRef = 94A3389D1F41411E00958421 /* main.m */; };
		94A338A11F41411E00958421 /* AppDelegate.m in Sources */ = {isa = PBXBuildFile; fileRef = 94A338A01F41411E00958421 /* AppDelegate.m */; };
		94A338A41F41411E00958421 /* ViewController.m in Sources */ = {isa = PBXBuildFile; fileRef = 94A338A31F41411E00958421 /* ViewController.m */; };
		94A338A71F41411E00958421 /* Main.storyboard in Resources */ = {isa = PBXBuildFile; fileRef = 94A338A51F41411E00958421 /* Main.storyboard */; };
		94A338A91F41411E00958421 /* Assets.xcassets in Resources */ = {isa = PBXBuildFile; fileRef = 94A338A81F41411E00958421 /* Assets.xcassets */; };
		94A338AC1F41411E00958421 /* LaunchScreen.storyboard in Resources */ = {isa = PBXBuildFile; fileRef = 94A338AA1F41411E00958421 /* LaunchScreen.storyboard */; };
		94A338B71F41411E00958421 /* WYPageViewTests.m in Sources */ = {isa = PBXBuildFile; fileRef = 94A338B61F41411E00958421 /* WYPageViewTests.m */; };
		94A338C21F41411E00958421 /* WYPageViewUITests.m in Sources */ = {isa = PBXBuildFile; fileRef = 94A338C11F41411E00958421 /* WYPageViewUITests.m */; };
		94BDC8E21F5FED410073A97D /* CLAlertCancelTableViewCell.m in Sources */ = {isa = PBXBuildFile; fileRef = 94BDC8D31F5FED410073A97D /* CLAlertCancelTableViewCell.m */; };
		94BDC8E31F5FED410073A97D /* CLAlertController.m in Sources */ = {isa = PBXBuildFile; fileRef = 94BDC8D51F5FED410073A97D /* CLAlertController.m */; };
		94BDC8E41F5FED410073A97D /* CLAlertDefaultTableViewCell.m in Sources */ = {isa = PBXBuildFile; fileRef = 94BDC8D71F5FED410073A97D /* CLAlertDefaultTableViewCell.m */; };
		94BDC8E51F5FED410073A97D /* CLAlertDestructiveTableViewCell.m in Sources */ = {isa = PBXBuildFile; fileRef = 94BDC8D91F5FED410073A97D /* CLAlertDestructiveTableViewCell.m */; };
		94BDC8E61F5FED410073A97D /* CLAlertDoubleTableViewCell.m in Sources */ = {isa = PBXBuildFile; fileRef = 94BDC8DB1F5FED410073A97D /* CLAlertDoubleTableViewCell.m */; };
		94BDC8E71F5FED410073A97D /* CLAlertModel.m in Sources */ = {isa = PBXBuildFile; fileRef = 94BDC8DD1F5FED410073A97D /* CLAlertModel.m */; };
		94BDC8E81F5FED410073A97D /* CLAlertView.m in Sources */ = {isa = PBXBuildFile; fileRef = 94BDC8DF1F5FED410073A97D /* CLAlertView.m */; };
		94BDC8E91F5FED410073A97D /* UIViewController+CLAlertController.m in Sources */ = {isa = PBXBuildFile; fileRef = 94BDC8E11F5FED410073A97D /* UIViewController+CLAlertController.m */; };
		94C7DF0B1F7A02B20000259D /* WYPageConetentView.m in Sources */ = {isa = PBXBuildFile; fileRef = 94C7DF091F7A02130000259D /* WYPageConetentView.m */; };
		94C7DF0C1F7A02B20000259D /* WYPageConfig.m in Sources */ = {isa = PBXBuildFile; fileRef = 94C7DF051F7A02120000259D /* WYPageConfig.m */; };
		94C7DF0D1F7A02B20000259D /* WYPageTitleView.m in Sources */ = {isa = PBXBuildFile; fileRef = 94C7DF0A1F7A02130000259D /* WYPageTitleView.m */; };
		94C7DF0E1F7A02B20000259D /* WYPageView.m in Sources */ = {isa = PBXBuildFile; fileRef = 94C7DF071F7A02130000259D /* WYPageView.m */; };
/* End PBXBuildFile section */

/* Begin PBXContainerItemProxy section */
		94A338B31F41411E00958421 /* PBXContainerItemProxy */ = {
			isa = PBXContainerItemProxy;
			containerPortal = 94A338911F41411E00958421 /* Project object */;
			proxyType = 1;
			remoteGlobalIDString = 94A338981F41411E00958421;
			remoteInfo = WYPageView;
		};
		94A338BE1F41411E00958421 /* PBXContainerItemProxy */ = {
			isa = PBXContainerItemProxy;
			containerPortal = 94A338911F41411E00958421 /* Project object */;
			proxyType = 1;
			remoteGlobalIDString = 94A338981F41411E00958421;
			remoteInfo = WYPageView;
		};
/* End PBXContainerItemProxy section */

/* Begin PBXFileReference section */
		1BA27B328257339CD88EFBEB /* Pods-WYPageView.release.xcconfig */ = {isa = PBXFileReference; includeInIndex = 1; lastKnownFileType = text.xcconfig; name = "Pods-WYPageView.release.xcconfig"; path = "Pods/Target Support Files/Pods-WYPageView/Pods-WYPageView.release.xcconfig"; sourceTree = "<group>"; };
		3ED3227C612FA79142E95DC2 /* Pods-WYPageView.debug.xcconfig */ = {isa = PBXFileReference; includeInIndex = 1; lastKnownFileType = text.xcconfig; name = "Pods-WYPageView.debug.xcconfig"; path = "Pods/Target Support Files/Pods-WYPageView/Pods-WYPageView.debug.xcconfig"; sourceTree = "<group>"; };
		940F97F41F949D7100B64DEE /* DemoBaseViewController.h */ = {isa = PBXFileReference; lastKnownFileType = sourcecode.c.h; path = DemoBaseViewController.h; sourceTree = "<group>"; };
		940F97F51F949D7100B64DEE /* DemoBaseViewController.m */ = {isa = PBXFileReference; lastKnownFileType = sourcecode.c.objc; path = DemoBaseViewController.m; sourceTree = "<group>"; };
		940F97F71F949D7100B64DEE /* DemoViewController.h */ = {isa = PBXFileReference; lastKnownFileType = sourcecode.c.h; path = DemoViewController.h; sourceTree = "<group>"; };
		940F97F81F949D7100B64DEE /* DemoViewController.m */ = {isa = PBXFileReference; lastKnownFileType = sourcecode.c.objc; path = DemoViewController.m; sourceTree = "<group>"; };
		940F97F91F949D7100B64DEE /* NavViewController.h */ = {isa = PBXFileReference; lastKnownFileType = sourcecode.c.h; path = NavViewController.h; sourceTree = "<group>"; };
		940F97FA1F949D7100B64DEE /* NavViewController.m */ = {isa = PBXFileReference; lastKnownFileType = sourcecode.c.objc; path = NavViewController.m; sourceTree = "<group>"; };
		940F98001F949F7700B64DEE /* iOS11-屏幕旋转.gif */ = {isa = PBXFileReference; lastKnownFileType = image.gif; path = "iOS11-屏幕旋转.gif"; sourceTree = "<group>"; };
		940F98011F949F7700B64DEE /* 效果图.gif */ = {isa = PBXFileReference; lastKnownFileType = image.gif; path = "效果图.gif"; sourceTree = "<group>"; };
		942E34791F612C19002987A1 /* FiveViewController.h */ = {isa = PBXFileReference; fileEncoding = 4; lastKnownFileType = sourcecode.c.h; path = FiveViewController.h; sourceTree = "<group>"; };
		942E347A1F612C19002987A1 /* FiveViewController.m */ = {isa = PBXFileReference; fileEncoding = 4; lastKnownFileType = sourcecode.c.objc; path = FiveViewController.m; sourceTree = "<group>"; };
		942E347B1F612C19002987A1 /* FiveViewController.xib */ = {isa = PBXFileReference; fileEncoding = 4; lastKnownFileType = file.xib; path = FiveViewController.xib; sourceTree = "<group>"; };
		942E347C1F612C19002987A1 /* FourViewController.h */ = {isa = PBXFileReference; fileEncoding = 4; lastKnownFileType = sourcecode.c.h; path = FourViewController.h; sourceTree = "<group>"; };
		942E347D1F612C19002987A1 /* FourViewController.m */ = {isa = PBXFileReference; fileEncoding = 4; lastKnownFileType = sourcecode.c.objc; path = FourViewController.m; sourceTree = "<group>"; };
		942E347E1F612C19002987A1 /* FourViewController.xib */ = {isa = PBXFileReference; fileEncoding = 4; lastKnownFileType = file.xib; path = FourViewController.xib; sourceTree = "<group>"; };
		942E34811F612C19002987A1 /* SixViewController.h */ = {isa = PBXFileReference; fileEncoding = 4; lastKnownFileType = sourcecode.c.h; path = SixViewController.h; sourceTree = "<group>"; };
		942E34821F612C19002987A1 /* SixViewController.m */ = {isa = PBXFileReference; fileEncoding = 4; lastKnownFileType = sourcecode.c.objc; path = SixViewController.m; sourceTree = "<group>"; };
		942E34831F612C19002987A1 /* SixViewController.xib */ = {isa = PBXFileReference; fileEncoding = 4; lastKnownFileType = file.xib; path = SixViewController.xib; sourceTree = "<group>"; };
		942E34841F612C19002987A1 /* ThreeViewController.h */ = {isa = PBXFileReference; fileEncoding = 4; lastKnownFileType = sourcecode.c.h; path = ThreeViewController.h; sourceTree = "<group>"; };
		942E34851F612C19002987A1 /* ThreeViewController.m */ = {isa = PBXFileReference; fileEncoding = 4; lastKnownFileType = sourcecode.c.objc; path = ThreeViewController.m; sourceTree = "<group>"; };
		942E34861F612C19002987A1 /* ThreeViewController.xib */ = {isa = PBXFileReference; fileEncoding = 4; lastKnownFileType = file.xib; path = ThreeViewController.xib; sourceTree = "<group>"; };
		942E34871F612C19002987A1 /* TwoViewController.h */ = {isa = PBXFileReference; fileEncoding = 4; lastKnownFileType = sourcecode.c.h; path = TwoViewController.h; sourceTree = "<group>"; };
		942E34881F612C19002987A1 /* TwoViewController.m */ = {isa = PBXFileReference; fileEncoding = 4; lastKnownFileType = sourcecode.c.objc; path = TwoViewController.m; sourceTree = "<group>"; };
		942E34891F612C19002987A1 /* TwoViewController.xib */ = {isa = PBXFileReference; fileEncoding = 4; lastKnownFileType = file.xib; path = TwoViewController.xib; sourceTree = "<group>"; };
		942E35181F613CBD002987A1 /* OneViewController.h */ = {isa = PBXFileReference; fileEncoding = 4; lastKnownFileType = sourcecode.c.h; path = OneViewController.h; sourceTree = "<group>"; };
		942E35191F613CBD002987A1 /* OneViewController.m */ = {isa = PBXFileReference; fileEncoding = 4; lastKnownFileType = sourcecode.c.objc; path = OneViewController.m; sourceTree = "<group>"; };
		942E351A1F613CBD002987A1 /* OneViewController.xib */ = {isa = PBXFileReference; fileEncoding = 4; lastKnownFileType = file.xib; path = OneViewController.xib; sourceTree = "<group>"; };
		945FF6251F628893007C0B51 /* lwy1.jpeg */ = {isa = PBXFileReference; lastKnownFileType = image.jpeg; path = lwy1.jpeg; sourceTree = "<group>"; };
		945FF6271F628C1F007C0B51 /* lwy3.jpg */ = {isa = PBXFileReference; lastKnownFileType = image.jpeg; path = lwy3.jpg; sourceTree = "<group>"; };
		945FF6281F628C1F007C0B51 /* lwy2.jpeg */ = {isa = PBXFileReference; lastKnownFileType = image.jpeg; path = lwy2.jpeg; sourceTree = "<group>"; };
		945FF62B1F628EA2007C0B51 /* lwy4.jpeg */ = {isa = PBXFileReference; lastKnownFileType = image.jpeg; path = lwy4.jpeg; sourceTree = "<group>"; };
		948616AA1FA6CCEF00F48050 /* PrefixHeader.pch */ = {isa = PBXFileReference; lastKnownFileType = sourcecode.c.h; path = PrefixHeader.pch; sourceTree = "<group>"; };
		948616AB1FA6CD3C00F48050 /* UIViewController+SafeArea.h */ = {isa = PBXFileReference; lastKnownFileType = sourcecode.c.h; path = "UIViewController+SafeArea.h"; sourceTree = "<group>"; };
		948616AC1FA6CD3C00F48050 /* UIViewController+SafeArea.m */ = {isa = PBXFileReference; lastKnownFileType = sourcecode.c.objc; path = "UIViewController+SafeArea.m"; sourceTree = "<group>"; };
		94A338991F41411E00958421 /* WYPageView.app */ = {isa = PBXFileReference; explicitFileType = wrapper.application; includeInIndex = 0; path = WYPageView.app; sourceTree = BUILT_PRODUCTS_DIR; };
		94A3389D1F41411E00958421 /* main.m */ = {isa = PBXFileReference; lastKnownFileType = sourcecode.c.objc; path = main.m; sourceTree = "<group>"; };
		94A3389F1F41411E00958421 /* AppDelegate.h */ = {isa = PBXFileReference; lastKnownFileType = sourcecode.c.h; path = AppDelegate.h; sourceTree = "<group>"; };
		94A338A01F41411E00958421 /* AppDelegate.m */ = {isa = PBXFileReference; lastKnownFileType = sourcecode.c.objc; path = AppDelegate.m; sourceTree = "<group>"; };
		94A338A21F41411E00958421 /* ViewController.h */ = {isa = PBXFileReference; lastKnownFileType = sourcecode.c.h; path = ViewController.h; sourceTree = "<group>"; };
		94A338A31F41411E00958421 /* ViewController.m */ = {isa = PBXFileReference; lastKnownFileType = sourcecode.c.objc; path = ViewController.m; sourceTree = "<group>"; };
		94A338A61F41411E00958421 /* Base */ = {isa = PBXFileReference; lastKnownFileType = file.storyboard; name = Base; path = Base.lproj/Main.storyboard; sourceTree = "<group>"; };
		94A338A81F41411E00958421 /* Assets.xcassets */ = {isa = PBXFileReference; lastKnownFileType = folder.assetcatalog; path = Assets.xcassets; sourceTree = "<group>"; };
		94A338AB1F41411E00958421 /* Base */ = {isa = PBXFileReference; lastKnownFileType = file.storyboard; name = Base; path = Base.lproj/LaunchScreen.storyboard; sourceTree = "<group>"; };
		94A338AD1F41411E00958421 /* Info.plist */ = {isa = PBXFileReference; lastKnownFileType = text.plist.xml; path = Info.plist; sourceTree = "<group>"; };
		94A338B21F41411E00958421 /* WYPageViewTests.xctest */ = {isa = PBXFileReference; explicitFileType = wrapper.cfbundle; includeInIndex = 0; path = WYPageViewTests.xctest; sourceTree = BUILT_PRODUCTS_DIR; };
		94A338B61F41411E00958421 /* WYPageViewTests.m */ = {isa = PBXFileReference; lastKnownFileType = sourcecode.c.objc; path = WYPageViewTests.m; sourceTree = "<group>"; };
		94A338B81F41411E00958421 /* Info.plist */ = {isa = PBXFileReference; lastKnownFileType = text.plist.xml; path = Info.plist; sourceTree = "<group>"; };
		94A338BD1F41411E00958421 /* WYPageViewUITests.xctest */ = {isa = PBXFileReference; explicitFileType = wrapper.cfbundle; includeInIndex = 0; path = WYPageViewUITests.xctest; sourceTree = BUILT_PRODUCTS_DIR; };
		94A338C11F41411E00958421 /* WYPageViewUITests.m */ = {isa = PBXFileReference; lastKnownFileType = sourcecode.c.objc; path = WYPageViewUITests.m; sourceTree = "<group>"; };
		94A338C31F41411E00958421 /* Info.plist */ = {isa = PBXFileReference; lastKnownFileType = text.plist.xml; path = Info.plist; sourceTree = "<group>"; };
		94BDC8D21F5FED410073A97D /* CLAlertCancelTableViewCell.h */ = {isa = PBXFileReference; fileEncoding = 4; lastKnownFileType = sourcecode.c.h; path = CLAlertCancelTableViewCell.h; sourceTree = "<group>"; };
		94BDC8D31F5FED410073A97D /* CLAlertCancelTableViewCell.m */ = {isa = PBXFileReference; fileEncoding = 4; lastKnownFileType = sourcecode.c.objc; path = CLAlertCancelTableViewCell.m; sourceTree = "<group>"; };
		94BDC8D41F5FED410073A97D /* CLAlertController.h */ = {isa = PBXFileReference; fileEncoding = 4; lastKnownFileType = sourcecode.c.h; path = CLAlertController.h; sourceTree = "<group>"; };
		94BDC8D51F5FED410073A97D /* CLAlertController.m */ = {isa = PBXFileReference; fileEncoding = 4; lastKnownFileType = sourcecode.c.objc; path = CLAlertController.m; sourceTree = "<group>"; };
		94BDC8D61F5FED410073A97D /* CLAlertDefaultTableViewCell.h */ = {isa = PBXFileReference; fileEncoding = 4; lastKnownFileType = sourcecode.c.h; path = CLAlertDefaultTableViewCell.h; sourceTree = "<group>"; };
		94BDC8D71F5FED410073A97D /* CLAlertDefaultTableViewCell.m */ = {isa = PBXFileReference; fileEncoding = 4; lastKnownFileType = sourcecode.c.objc; path = CLAlertDefaultTableViewCell.m; sourceTree = "<group>"; };
		94BDC8D81F5FED410073A97D /* CLAlertDestructiveTableViewCell.h */ = {isa = PBXFileReference; fileEncoding = 4; lastKnownFileType = sourcecode.c.h; path = CLAlertDestructiveTableViewCell.h; sourceTree = "<group>"; };
		94BDC8D91F5FED410073A97D /* CLAlertDestructiveTableViewCell.m */ = {isa = PBXFileReference; fileEncoding = 4; lastKnownFileType = sourcecode.c.objc; path = CLAlertDestructiveTableViewCell.m; sourceTree = "<group>"; };
		94BDC8DA1F5FED410073A97D /* CLAlertDoubleTableViewCell.h */ = {isa = PBXFileReference; fileEncoding = 4; lastKnownFileType = sourcecode.c.h; path = CLAlertDoubleTableViewCell.h; sourceTree = "<group>"; };
		94BDC8DB1F5FED410073A97D /* CLAlertDoubleTableViewCell.m */ = {isa = PBXFileReference; fileEncoding = 4; lastKnownFileType = sourcecode.c.objc; path = CLAlertDoubleTableViewCell.m; sourceTree = "<group>"; };
		94BDC8DC1F5FED410073A97D /* CLAlertModel.h */ = {isa = PBXFileReference; fileEncoding = 4; lastKnownFileType = sourcecode.c.h; path = CLAlertModel.h; sourceTree = "<group>"; };
		94BDC8DD1F5FED410073A97D /* CLAlertModel.m */ = {isa = PBXFileReference; fileEncoding = 4; lastKnownFileType = sourcecode.c.objc; path = CLAlertModel.m; sourceTree = "<group>"; };
		94BDC8DE1F5FED410073A97D /* CLAlertView.h */ = {isa = PBXFileReference; fileEncoding = 4; lastKnownFileType = sourcecode.c.h; path = CLAlertView.h; sourceTree = "<group>"; };
		94BDC8DF1F5FED410073A97D /* CLAlertView.m */ = {isa = PBXFileReference; fileEncoding = 4; lastKnownFileType = sourcecode.c.objc; path = CLAlertView.m; sourceTree = "<group>"; };
		94BDC8E01F5FED410073A97D /* UIViewController+CLAlertController.h */ = {isa = PBXFileReference; fileEncoding = 4; lastKnownFileType = sourcecode.c.h; path = "UIViewController+CLAlertController.h"; sourceTree = "<group>"; };
		94BDC8E11F5FED410073A97D /* UIViewController+CLAlertController.m */ = {isa = PBXFileReference; fileEncoding = 4; lastKnownFileType = sourcecode.c.objc; path = "UIViewController+CLAlertController.m"; sourceTree = "<group>"; };
		94C7DF031F7A02120000259D /* WYPageTitleView.h */ = {isa = PBXFileReference; lastKnownFileType = sourcecode.c.h; path = WYPageTitleView.h; sourceTree = "<group>"; };
		94C7DF041F7A02120000259D /* WYPageConetentView.h */ = {isa = PBXFileReference; lastKnownFileType = sourcecode.c.h; path = WYPageConetentView.h; sourceTree = "<group>"; };
		94C7DF051F7A02120000259D /* WYPageConfig.m */ = {isa = PBXFileReference; lastKnownFileType = sourcecode.c.objc; path = WYPageConfig.m; sourceTree = "<group>"; };
		94C7DF061F7A02130000259D /* WYPageView.h */ = {isa = PBXFileReference; lastKnownFileType = sourcecode.c.h; path = WYPageView.h; sourceTree = "<group>"; };
		94C7DF071F7A02130000259D /* WYPageView.m */ = {isa = PBXFileReference; lastKnownFileType = sourcecode.c.objc; path = WYPageView.m; sourceTree = "<group>"; };
		94C7DF081F7A02130000259D /* WYPageConfig.h */ = {isa = PBXFileReference; lastKnownFileType = sourcecode.c.h; path = WYPageConfig.h; sourceTree = "<group>"; };
		94C7DF091F7A02130000259D /* WYPageConetentView.m */ = {isa = PBXFileReference; lastKnownFileType = sourcecode.c.objc; path = WYPageConetentView.m; sourceTree = "<group>"; };
		94C7DF0A1F7A02130000259D /* WYPageTitleView.m */ = {isa = PBXFileReference; lastKnownFileType = sourcecode.c.objc; path = WYPageTitleView.m; sourceTree = "<group>"; };
		E766409E9BBFECAB279A4F7B /* libPods-WYPageView.a */ = {isa = PBXFileReference; explicitFileType = archive.ar; includeInIndex = 0; path = "libPods-WYPageView.a"; sourceTree = BUILT_PRODUCTS_DIR; };
/* End PBXFileReference section */

/* Begin PBXFrameworksBuildPhase section */
		94A338961F41411E00958421 /* Frameworks */ = {
			isa = PBXFrameworksBuildPhase;
			buildActionMask = 2147483647;
			files = (
				9037DD329B60C1E8E632EA38 /* libPods-WYPageView.a in Frameworks */,
			);
			runOnlyForDeploymentPostprocessing = 0;
		};
		94A338AF1F41411E00958421 /* Frameworks */ = {
			isa = PBXFrameworksBuildPhase;
			buildActionMask = 2147483647;
			files = (
			);
			runOnlyForDeploymentPostprocessing = 0;
		};
		94A338BA1F41411E00958421 /* Frameworks */ = {
			isa = PBXFrameworksBuildPhase;
			buildActionMask = 2147483647;
			files = (
			);
			runOnlyForDeploymentPostprocessing = 0;
		};
/* End PBXFrameworksBuildPhase section */

/* Begin PBXGroup section */
		61C5920E4EC2D9BC2F01866F /* Pods */ = {
			isa = PBXGroup;
			children = (
				3ED3227C612FA79142E95DC2 /* Pods-WYPageView.debug.xcconfig */,
				1BA27B328257339CD88EFBEB /* Pods-WYPageView.release.xcconfig */,
			);
			name = Pods;
			sourceTree = "<group>";
		};
		810D7F5E6866A60ED00C7CEE /* Frameworks */ = {
			isa = PBXGroup;
			children = (
				E766409E9BBFECAB279A4F7B /* libPods-WYPageView.a */,
			);
			name = Frameworks;
			sourceTree = "<group>";
		};
		940F97F21F949D7100B64DEE /* Demo */ = {
			isa = PBXGroup;
			children = (
				940F97F61F949D7100B64DEE /* DemoVc */,
				940F97F31F949D7100B64DEE /* Base */,
			);
			path = Demo;
			sourceTree = "<group>";
		};
		940F97F31F949D7100B64DEE /* Base */ = {
			isa = PBXGroup;
			children = (
				940F97F41F949D7100B64DEE /* DemoBaseViewController.h */,
				940F97F51F949D7100B64DEE /* DemoBaseViewController.m */,
			);
			path = Base;
			sourceTree = "<group>";
		};
		940F97F61F949D7100B64DEE /* DemoVc */ = {
			isa = PBXGroup;
			children = (
				940F97F71F949D7100B64DEE /* DemoViewController.h */,
				940F97F81F949D7100B64DEE /* DemoViewController.m */,
				940F97FE1F949DC700B64DEE /* 分开使用 */,
			);
			path = DemoVc;
			sourceTree = "<group>";
		};
		940F97FE1F949DC700B64DEE /* 分开使用 */ = {
			isa = PBXGroup;
			children = (
				940F97F91F949D7100B64DEE /* NavViewController.h */,
				940F97FA1F949D7100B64DEE /* NavViewController.m */,
			);
			path = "分开使用";
			sourceTree = "<group>";
		};
		940F97FF1F949F7700B64DEE /* Image */ = {
			isa = PBXGroup;
			children = (
				940F98001F949F7700B64DEE /* iOS11-屏幕旋转.gif */,
				940F98011F949F7700B64DEE /* 效果图.gif */,
			);
			path = Image;
			sourceTree = "<group>";
		};
		942E34781F612C19002987A1 /* TestVc */ = {
			isa = PBXGroup;
			children = (
				942E34791F612C19002987A1 /* FiveViewController.h */,
				942E347A1F612C19002987A1 /* FiveViewController.m */,
				942E347B1F612C19002987A1 /* FiveViewController.xib */,
				942E347C1F612C19002987A1 /* FourViewController.h */,
				942E347D1F612C19002987A1 /* FourViewController.m */,
				942E347E1F612C19002987A1 /* FourViewController.xib */,
				942E34811F612C19002987A1 /* SixViewController.h */,
				942E34821F612C19002987A1 /* SixViewController.m */,
				942E34831F612C19002987A1 /* SixViewController.xib */,
				942E34841F612C19002987A1 /* ThreeViewController.h */,
				942E34851F612C19002987A1 /* ThreeViewController.m */,
				942E34861F612C19002987A1 /* ThreeViewController.xib */,
				942E34871F612C19002987A1 /* TwoViewController.h */,
				942E34881F612C19002987A1 /* TwoViewController.m */,
				942E34891F612C19002987A1 /* TwoViewController.xib */,
				942E35181F613CBD002987A1 /* OneViewController.h */,
				942E35191F613CBD002987A1 /* OneViewController.m */,
				942E351A1F613CBD002987A1 /* OneViewController.xib */,
			);
			path = TestVc;
			sourceTree = "<group>";
		};
		942E34951F612C9D002987A1 /* WYPageView */ = {
			isa = PBXGroup;
			children = (
				94C7DF041F7A02120000259D /* WYPageConetentView.h */,
				94C7DF091F7A02130000259D /* WYPageConetentView.m */,
				94C7DF081F7A02130000259D /* WYPageConfig.h */,
				94C7DF051F7A02120000259D /* WYPageConfig.m */,
				94C7DF031F7A02120000259D /* WYPageTitleView.h */,
				94C7DF0A1F7A02130000259D /* WYPageTitleView.m */,
				94C7DF061F7A02130000259D /* WYPageView.h */,
				94C7DF071F7A02130000259D /* WYPageView.m */,
			);
			path = WYPageView;
			sourceTree = "<group>";
		};
		945FF6241F628893007C0B51 /* resource */ = {
			isa = PBXGroup;
			children = (
				945FF6251F628893007C0B51 /* lwy1.jpeg */,
				945FF6271F628C1F007C0B51 /* lwy3.jpg */,
				945FF6281F628C1F007C0B51 /* lwy2.jpeg */,
				945FF62B1F628EA2007C0B51 /* lwy4.jpeg */,
			);
			path = resource;
			sourceTree = "<group>";
		};
		94A338901F41411E00958421 = {
			isa = PBXGroup;
			children = (
				940F97FF1F949F7700B64DEE /* Image */,
				94A3389B1F41411E00958421 /* WYPageView */,
				94A338B51F41411E00958421 /* WYPageViewTests */,
				94A338C01F41411E00958421 /* WYPageViewUITests */,
				94A3389A1F41411E00958421 /* Products */,
				61C5920E4EC2D9BC2F01866F /* Pods */,
				810D7F5E6866A60ED00C7CEE /* Frameworks */,
			);
			sourceTree = "<group>";
		};
		94A3389A1F41411E00958421 /* Products */ = {
			isa = PBXGroup;
			children = (
				94A338991F41411E00958421 /* WYPageView.app */,
				94A338B21F41411E00958421 /* WYPageViewTests.xctest */,
				94A338BD1F41411E00958421 /* WYPageViewUITests.xctest */,
			);
			name = Products;
			sourceTree = "<group>";
		};
		94A3389B1F41411E00958421 /* WYPageView */ = {
			isa = PBXGroup;
			children = (
				945FF6241F628893007C0B51 /* resource */,
				94A338CF1F41414600958421 /* lib */,
				94A3389F1F41411E00958421 /* AppDelegate.h */,
				94A338A01F41411E00958421 /* AppDelegate.m */,
				94A338A21F41411E00958421 /* ViewController.h */,
				94A338A31F41411E00958421 /* ViewController.m */,
				940F97F21F949D7100B64DEE /* Demo */,
				942E34781F612C19002987A1 /* TestVc */,
				94BDC8D11F5FED410073A97D /* CLAlertController */,
				94A338A51F41411E00958421 /* Main.storyboard */,
				94A338A81F41411E00958421 /* Assets.xcassets */,
				94A338AA1F41411E00958421 /* LaunchScreen.storyboard */,
				94A338AD1F41411E00958421 /* Info.plist */,
				948616AA1FA6CCEF00F48050 /* PrefixHeader.pch */,
				948616AB1FA6CD3C00F48050 /* UIViewController+SafeArea.h */,
				948616AC1FA6CD3C00F48050 /* UIViewController+SafeArea.m */,
				94A3389C1F41411E00958421 /* Supporting Files */,
			);
			path = WYPageView;
			sourceTree = "<group>";
		};
		94A3389C1F41411E00958421 /* Supporting Files */ = {
			isa = PBXGroup;
			children = (
				94A3389D1F41411E00958421 /* main.m */,
			);
			name = "Supporting Files";
			sourceTree = "<group>";
		};
		94A338B51F41411E00958421 /* WYPageViewTests */ = {
			isa = PBXGroup;
			children = (
				94A338B61F41411E00958421 /* WYPageViewTests.m */,
				94A338B81F41411E00958421 /* Info.plist */,
			);
			path = WYPageViewTests;
			sourceTree = "<group>";
		};
		94A338C01F41411E00958421 /* WYPageViewUITests */ = {
			isa = PBXGroup;
			children = (
				94A338C11F41411E00958421 /* WYPageViewUITests.m */,
				94A338C31F41411E00958421 /* Info.plist */,
			);
			path = WYPageViewUITests;
			sourceTree = "<group>";
		};
		94A338CF1F41414600958421 /* lib */ = {
			isa = PBXGroup;
			children = (
				942E34951F612C9D002987A1 /* WYPageView */,
			);
			path = lib;
			sourceTree = "<group>";
		};
		94BDC8D11F5FED410073A97D /* CLAlertController */ = {
			isa = PBXGroup;
			children = (
				94BDC8D21F5FED410073A97D /* CLAlertCancelTableViewCell.h */,
				94BDC8D31F5FED410073A97D /* CLAlertCancelTableViewCell.m */,
				94BDC8D41F5FED410073A97D /* CLAlertController.h */,
				94BDC8D51F5FED410073A97D /* CLAlertController.m */,
				94BDC8D61F5FED410073A97D /* CLAlertDefaultTableViewCell.h */,
				94BDC8D71F5FED410073A97D /* CLAlertDefaultTableViewCell.m */,
				94BDC8D81F5FED410073A97D /* CLAlertDestructiveTableViewCell.h */,
				94BDC8D91F5FED410073A97D /* CLAlertDestructiveTableViewCell.m */,
				94BDC8DA1F5FED410073A97D /* CLAlertDoubleTableViewCell.h */,
				94BDC8DB1F5FED410073A97D /* CLAlertDoubleTableViewCell.m */,
				94BDC8DC1F5FED410073A97D /* CLAlertModel.h */,
				94BDC8DD1F5FED410073A97D /* CLAlertModel.m */,
				94BDC8DE1F5FED410073A97D /* CLAlertView.h */,
				94BDC8DF1F5FED410073A97D /* CLAlertView.m */,
				94BDC8E01F5FED410073A97D /* UIViewController+CLAlertController.h */,
				94BDC8E11F5FED410073A97D /* UIViewController+CLAlertController.m */,
			);
			path = CLAlertController;
			sourceTree = "<group>";
		};
/* End PBXGroup section */

/* Begin PBXNativeTarget section */
		94A338981F41411E00958421 /* WYPageView */ = {
			isa = PBXNativeTarget;
			buildConfigurationList = 94A338C61F41411E00958421 /* Build configuration list for PBXNativeTarget "WYPageView" */;
			buildPhases = (
				D23F868D7D0483372D86BF6A /* [CP] Check Pods Manifest.lock */,
				94A338951F41411E00958421 /* Sources */,
				94A338961F41411E00958421 /* Frameworks */,
				94A338971F41411E00958421 /* Resources */,
				5953CBC0183D563229BA5007 /* [CP] Embed Pods Frameworks */,
				12D3CACA8DE2A885EA14DBD6 /* [CP] Copy Pods Resources */,
			);
			buildRules = (
			);
			dependencies = (
			);
			name = WYPageView;
			productName = WYPageView;
			productReference = 94A338991F41411E00958421 /* WYPageView.app */;
			productType = "com.apple.product-type.application";
		};
		94A338B11F41411E00958421 /* WYPageViewTests */ = {
			isa = PBXNativeTarget;
			buildConfigurationList = 94A338C91F41411E00958421 /* Build configuration list for PBXNativeTarget "WYPageViewTests" */;
			buildPhases = (
				94A338AE1F41411E00958421 /* Sources */,
				94A338AF1F41411E00958421 /* Frameworks */,
				94A338B01F41411E00958421 /* Resources */,
			);
			buildRules = (
			);
			dependencies = (
				94A338B41F41411E00958421 /* PBXTargetDependency */,
			);
			name = WYPageViewTests;
			productName = WYPageViewTests;
			productReference = 94A338B21F41411E00958421 /* WYPageViewTests.xctest */;
			productType = "com.apple.product-type.bundle.unit-test";
		};
		94A338BC1F41411E00958421 /* WYPageViewUITests */ = {
			isa = PBXNativeTarget;
			buildConfigurationList = 94A338CC1F41411E00958421 /* Build configuration list for PBXNativeTarget "WYPageViewUITests" */;
			buildPhases = (
				94A338B91F41411E00958421 /* Sources */,
				94A338BA1F41411E00958421 /* Frameworks */,
				94A338BB1F41411E00958421 /* Resources */,
			);
			buildRules = (
			);
			dependencies = (
				94A338BF1F41411E00958421 /* PBXTargetDependency */,
			);
			name = WYPageViewUITests;
			productName = WYPageViewUITests;
			productReference = 94A338BD1F41411E00958421 /* WYPageViewUITests.xctest */;
			productType = "com.apple.product-type.bundle.ui-testing";
		};
/* End PBXNativeTarget section */

/* Begin PBXProject section */
		94A338911F41411E00958421 /* Project object */ = {
			isa = PBXProject;
			attributes = {
				LastUpgradeCheck = 0830;
				TargetAttributes = {
					94A338981F41411E00958421 = {
						CreatedOnToolsVersion = 8.3.3;
						DevelopmentTeam = 968V32YDMU;
						ProvisioningStyle = Automatic;
					};
					94A338B11F41411E00958421 = {
						CreatedOnToolsVersion = 8.3.3;
						DevelopmentTeam = 6PKRU8JWQ6;
						ProvisioningStyle = Automatic;
						TestTargetID = 94A338981F41411E00958421;
					};
					94A338BC1F41411E00958421 = {
						CreatedOnToolsVersion = 8.3.3;
						DevelopmentTeam = 6PKRU8JWQ6;
						ProvisioningStyle = Automatic;
						TestTargetID = 94A338981F41411E00958421;
					};
				};
			};
			buildConfigurationList = 94A338941F41411E00958421 /* Build configuration list for PBXProject "WYPageView" */;
			compatibilityVersion = "Xcode 3.2";
			developmentRegion = English;
			hasScannedForEncodings = 0;
			knownRegions = (
				en,
				Base,
			);
			mainGroup = 94A338901F41411E00958421;
			productRefGroup = 94A3389A1F41411E00958421 /* Products */;
			projectDirPath = "";
			projectRoot = "";
			targets = (
				94A338981F41411E00958421 /* WYPageView */,
				94A338B11F41411E00958421 /* WYPageViewTests */,
				94A338BC1F41411E00958421 /* WYPageViewUITests */,
			);
		};
/* End PBXProject section */

/* Begin PBXResourcesBuildPhase section */
		94A338971F41411E00958421 /* Resources */ = {
			isa = PBXResourcesBuildPhase;
			buildActionMask = 2147483647;
			files = (
				945FF6261F628893007C0B51 /* lwy1.jpeg in Resources */,
				942E348B1F612C19002987A1 /* FiveViewController.xib in Resources */,
				945FF62C1F628EA2007C0B51 /* lwy4.jpeg in Resources */,
				942E34921F612C19002987A1 /* ThreeViewController.xib in Resources */,
				945FF6291F628C1F007C0B51 /* lwy3.jpg in Resources */,
				942E351C1F613CBD002987A1 /* OneViewController.xib in Resources */,
				942E348D1F612C19002987A1 /* FourViewController.xib in Resources */,
				94A338AC1F41411E00958421 /* LaunchScreen.storyboard in Resources */,
				945FF62A1F628C1F007C0B51 /* lwy2.jpeg in Resources */,
				942E34901F612C19002987A1 /* SixViewController.xib in Resources */,
				94A338A91F41411E00958421 /* Assets.xcassets in Resources */,
				94A338A71F41411E00958421 /* Main.storyboard in Resources */,
				942E34941F612C19002987A1 /* TwoViewController.xib in Resources */,
			);
			runOnlyForDeploymentPostprocessing = 0;
		};
		94A338B01F41411E00958421 /* Resources */ = {
			isa = PBXResourcesBuildPhase;
			buildActionMask = 2147483647;
			files = (
			);
			runOnlyForDeploymentPostprocessing = 0;
		};
		94A338BB1F41411E00958421 /* Resources */ = {
			isa = PBXResourcesBuildPhase;
			buildActionMask = 2147483647;
			files = (
			);
			runOnlyForDeploymentPostprocessing = 0;
		};
/* End PBXResourcesBuildPhase section */

/* Begin PBXShellScriptBuildPhase section */
		12D3CACA8DE2A885EA14DBD6 /* [CP] Copy Pods Resources */ = {
			isa = PBXShellScriptBuildPhase;
			buildActionMask = 2147483647;
			files = (
			);
			inputPaths = (
			);
			name = "[CP] Copy Pods Resources";
			outputPaths = (
			);
			runOnlyForDeploymentPostprocessing = 0;
			shellPath = /bin/sh;
			shellScript = "\"${SRCROOT}/Pods/Target Support Files/Pods-WYPageView/Pods-WYPageView-resources.sh\"\n";
			showEnvVarsInLog = 0;
		};
		5953CBC0183D563229BA5007 /* [CP] Embed Pods Frameworks */ = {
			isa = PBXShellScriptBuildPhase;
			buildActionMask = 2147483647;
			files = (
			);
			inputPaths = (
			);
			name = "[CP] Embed Pods Frameworks";
			outputPaths = (
			);
			runOnlyForDeploymentPostprocessing = 0;
			shellPath = /bin/sh;
			shellScript = "\"${SRCROOT}/Pods/Target Support Files/Pods-WYPageView/Pods-WYPageView-frameworks.sh\"\n";
			showEnvVarsInLog = 0;
		};
		D23F868D7D0483372D86BF6A /* [CP] Check Pods Manifest.lock */ = {
			isa = PBXShellScriptBuildPhase;
			buildActionMask = 2147483647;
			files = (
			);
			inputPaths = (
			);
			name = "[CP] Check Pods Manifest.lock";
			outputPaths = (
			);
			runOnlyForDeploymentPostprocessing = 0;
			shellPath = /bin/sh;
			shellScript = "diff \"${PODS_PODFILE_DIR_PATH}/Podfile.lock\" \"${PODS_ROOT}/Manifest.lock\" > /dev/null\nif [ $? != 0 ] ; then\n    # print error to STDERR\n    echo \"error: The sandbox is not in sync with the Podfile.lock. Run 'pod install' or update your CocoaPods installation.\" >&2\n    exit 1\nfi\n";
			showEnvVarsInLog = 0;
		};
/* End PBXShellScriptBuildPhase section */

/* Begin PBXSourcesBuildPhase section */
		94A338951F41411E00958421 /* Sources */ = {
			isa = PBXSourcesBuildPhase;
			buildActionMask = 2147483647;
			files = (
				940F97FD1F949DB500B64DEE /* NavViewController.m in Sources */,
				940F97FB1F949DAE00B64DEE /* DemoBaseViewController.m in Sources */,
				940F97FC1F949DAE00B64DEE /* DemoViewController.m in Sources */,
				94C7DF0B1F7A02B20000259D /* WYPageConetentView.m in Sources */,
				94C7DF0C1F7A02B20000259D /* WYPageConfig.m in Sources */,
				948616AD1FA6CD3C00F48050 /* UIViewController+SafeArea.m in Sources */,
				94C7DF0D1F7A02B20000259D /* WYPageTitleView.m in Sources */,
				94C7DF0E1F7A02B20000259D /* WYPageView.m in Sources */,
				942E348A1F612C19002987A1 /* FiveViewController.m in Sources */,
				94BDC8E81F5FED410073A97D /* CLAlertView.m in Sources */,
				94A338A41F41411E00958421 /* ViewController.m in Sources */,
				94BDC8E71F5FED410073A97D /* CLAlertModel.m in Sources */,
				94BDC8E41F5FED410073A97D /* CLAlertDefaultTableViewCell.m in Sources */,
				94BDC8E51F5FED410073A97D /* CLAlertDestructiveTableViewCell.m in Sources */,
				94BDC8E91F5FED410073A97D /* UIViewController+CLAlertController.m in Sources */,
				94BDC8E61F5FED410073A97D /* CLAlertDoubleTableViewCell.m in Sources */,
				942E351B1F613CBD002987A1 /* OneViewController.m in Sources */,
				94BDC8E31F5FED410073A97D /* CLAlertController.m in Sources */,
				94A338A11F41411E00958421 /* AppDelegate.m in Sources */,
				942E34911F612C19002987A1 /* ThreeViewController.m in Sources */,
				94BDC8E21F5FED410073A97D /* CLAlertCancelTableViewCell.m in Sources */,
				942E348F1F612C19002987A1 /* SixViewController.m in Sources */,
				94A3389E1F41411E00958421 /* main.m in Sources */,
				942E34931F612C19002987A1 /* TwoViewController.m in Sources */,
				942E348C1F612C19002987A1 /* FourViewController.m in Sources */,
			);
			runOnlyForDeploymentPostprocessing = 0;
		};
		94A338AE1F41411E00958421 /* Sources */ = {
			isa = PBXSourcesBuildPhase;
			buildActionMask = 2147483647;
			files = (
				94A338B71F41411E00958421 /* WYPageViewTests.m in Sources */,
			);
			runOnlyForDeploymentPostprocessing = 0;
		};
		94A338B91F41411E00958421 /* Sources */ = {
			isa = PBXSourcesBuildPhase;
			buildActionMask = 2147483647;
			files = (
				94A338C21F41411E00958421 /* WYPageViewUITests.m in Sources */,
			);
			runOnlyForDeploymentPostprocessing = 0;
		};
/* End PBXSourcesBuildPhase section */

/* Begin PBXTargetDependency section */
		94A338B41F41411E00958421 /* PBXTargetDependency */ = {
			isa = PBXTargetDependency;
			target = 94A338981F41411E00958421 /* WYPageView */;
			targetProxy = 94A338B31F41411E00958421 /* PBXContainerItemProxy */;
		};
		94A338BF1F41411E00958421 /* PBXTargetDependency */ = {
			isa = PBXTargetDependency;
			target = 94A338981F41411E00958421 /* WYPageView */;
			targetProxy = 94A338BE1F41411E00958421 /* PBXContainerItemProxy */;
		};
/* End PBXTargetDependency section */

/* Begin PBXVariantGroup section */
		94A338A51F41411E00958421 /* Main.storyboard */ = {
			isa = PBXVariantGroup;
			children = (
				94A338A61F41411E00958421 /* Base */,
			);
			name = Main.storyboard;
			sourceTree = "<group>";
		};
		94A338AA1F41411E00958421 /* LaunchScreen.storyboard */ = {
			isa = PBXVariantGroup;
			children = (
				94A338AB1F41411E00958421 /* Base */,
			);
			name = LaunchScreen.storyboard;
			sourceTree = "<group>";
		};
/* End PBXVariantGroup section */

/* Begin XCBuildConfiguration section */
		94A338C41F41411E00958421 /* Debug */ = {
			isa = XCBuildConfiguration;
			buildSettings = {
				ALWAYS_SEARCH_USER_PATHS = NO;
				CLANG_ANALYZER_NONNULL = YES;
				CLANG_ANALYZER_NUMBER_OBJECT_CONVERSION = YES_AGGRESSIVE;
				CLANG_CXX_LANGUAGE_STANDARD = "gnu++0x";
				CLANG_CXX_LIBRARY = "libc++";
				CLANG_ENABLE_MODULES = YES;
				CLANG_ENABLE_OBJC_ARC = YES;
				CLANG_WARN_BOOL_CONVERSION = YES;
				CLANG_WARN_CONSTANT_CONVERSION = YES;
				CLANG_WARN_DIRECT_OBJC_ISA_USAGE = YES_ERROR;
				CLANG_WARN_DOCUMENTATION_COMMENTS = YES;
				CLANG_WARN_EMPTY_BODY = YES;
				CLANG_WARN_ENUM_CONVERSION = YES;
				CLANG_WARN_INFINITE_RECURSION = YES;
				CLANG_WARN_INT_CONVERSION = YES;
				CLANG_WARN_OBJC_ROOT_CLASS = YES_ERROR;
				CLANG_WARN_SUSPICIOUS_MOVE = YES;
				CLANG_WARN_UNREACHABLE_CODE = YES;
				CLANG_WARN__DUPLICATE_METHOD_MATCH = YES;
				"CODE_SIGN_IDENTITY[sdk=iphoneos*]" = "iPhone Developer";
				COPY_PHASE_STRIP = NO;
				DEBUG_INFORMATION_FORMAT = dwarf;
				ENABLE_STRICT_OBJC_MSGSEND = YES;
				ENABLE_TESTABILITY = YES;
				GCC_C_LANGUAGE_STANDARD = gnu99;
				GCC_DYNAMIC_NO_PIC = NO;
				GCC_NO_COMMON_BLOCKS = YES;
				GCC_OPTIMIZATION_LEVEL = 0;
				GCC_PREPROCESSOR_DEFINITIONS = (
					"DEBUG=1",
					"$(inherited)",
				);
				GCC_WARN_64_TO_32_BIT_CONVERSION = YES;
				GCC_WARN_ABOUT_RETURN_TYPE = YES_ERROR;
				GCC_WARN_UNDECLARED_SELECTOR = YES;
				GCC_WARN_UNINITIALIZED_AUTOS = YES_AGGRESSIVE;
				GCC_WARN_UNUSED_FUNCTION = YES;
				GCC_WARN_UNUSED_VARIABLE = YES;
				IPHONEOS_DEPLOYMENT_TARGET = 8.0;
				MTL_ENABLE_DEBUG_INFO = YES;
				ONLY_ACTIVE_ARCH = YES;
				SDKROOT = iphoneos;
				TARGETED_DEVICE_FAMILY = "1,2";
			};
			name = Debug;
		};
		94A338C51F41411E00958421 /* Release */ = {
			isa = XCBuildConfiguration;
			buildSettings = {
				ALWAYS_SEARCH_USER_PATHS = NO;
				CLANG_ANALYZER_NONNULL = YES;
				CLANG_ANALYZER_NUMBER_OBJECT_CONVERSION = YES_AGGRESSIVE;
				CLANG_CXX_LANGUAGE_STANDARD = "gnu++0x";
				CLANG_CXX_LIBRARY = "libc++";
				CLANG_ENABLE_MODULES = YES;
				CLANG_ENABLE_OBJC_ARC = YES;
				CLANG_WARN_BOOL_CONVERSION = YES;
				CLANG_WARN_CONSTANT_CONVERSION = YES;
				CLANG_WARN_DIRECT_OBJC_ISA_USAGE = YES_ERROR;
				CLANG_WARN_DOCUMENTATION_COMMENTS = YES;
				CLANG_WARN_EMPTY_BODY = YES;
				CLANG_WARN_ENUM_CONVERSION = YES;
				CLANG_WARN_INFINITE_RECURSION = YES;
				CLANG_WARN_INT_CONVERSION = YES;
				CLANG_WARN_OBJC_ROOT_CLASS = YES_ERROR;
				CLANG_WARN_SUSPICIOUS_MOVE = YES;
				CLANG_WARN_UNREACHABLE_CODE = YES;
				CLANG_WARN__DUPLICATE_METHOD_MATCH = YES;
				"CODE_SIGN_IDENTITY[sdk=iphoneos*]" = "iPhone Developer";
				COPY_PHASE_STRIP = NO;
				DEBUG_INFORMATION_FORMAT = "dwarf-with-dsym";
				ENABLE_NS_ASSERTIONS = NO;
				ENABLE_STRICT_OBJC_MSGSEND = YES;
				GCC_C_LANGUAGE_STANDARD = gnu99;
				GCC_NO_COMMON_BLOCKS = YES;
				GCC_WARN_64_TO_32_BIT_CONVERSION = YES;
				GCC_WARN_ABOUT_RETURN_TYPE = YES_ERROR;
				GCC_WARN_UNDECLARED_SELECTOR = YES;
				GCC_WARN_UNINITIALIZED_AUTOS = YES_AGGRESSIVE;
				GCC_WARN_UNUSED_FUNCTION = YES;
				GCC_WARN_UNUSED_VARIABLE = YES;
				IPHONEOS_DEPLOYMENT_TARGET = 8.0;
				MTL_ENABLE_DEBUG_INFO = NO;
				SDKROOT = iphoneos;
				TARGETED_DEVICE_FAMILY = "1,2";
				VALIDATE_PRODUCT = YES;
			};
			name = Release;
		};
		94A338C71F41411E00958421 /* Debug */ = {
			isa = XCBuildConfiguration;
			baseConfigurationReference = 3ED3227C612FA79142E95DC2 /* Pods-WYPageView.debug.xcconfig */;
			buildSettings = {
				ASSETCATALOG_COMPILER_APPICON_NAME = AppIcon;
				CODE_SIGN_IDENTITY = "iPhone Developer";
				"CODE_SIGN_IDENTITY[sdk=iphoneos*]" = "iPhone Developer";
				DEVELOPMENT_TEAM = 968V32YDMU;
				GCC_PREFIX_HEADER = "$(SRCROOT)/WYPageView/PrefixHeader.pch";
				INFOPLIST_FILE = WYPageView/Info.plist;
				LD_RUNPATH_SEARCH_PATHS = "$(inherited) @executable_path/Frameworks";
				PRODUCT_BUNDLE_IDENTIFIER = lwy1218.WYPageView;
				PRODUCT_NAME = "$(TARGET_NAME)";
			};
			name = Debug;
		};
		94A338C81F41411E00958421 /* Release */ = {
			isa = XCBuildConfiguration;
			baseConfigurationReference = 1BA27B328257339CD88EFBEB /* Pods-WYPageView.release.xcconfig */;
			buildSettings = {
				ASSETCATALOG_COMPILER_APPICON_NAME = AppIcon;
				"CODE_SIGN_IDENTITY[sdk=iphoneos*]" = "iPhone Developer";
				DEVELOPMENT_TEAM = 968V32YDMU;
				GCC_PREFIX_HEADER = "$(SRCROOT)/WYPageView/PrefixHeader.pch";
				INFOPLIST_FILE = WYPageView/Info.plist;
				LD_RUNPATH_SEARCH_PATHS = "$(inherited) @executable_path/Frameworks";
				PRODUCT_BUNDLE_IDENTIFIER = lwy1218.WYPageView;
				PRODUCT_NAME = "$(TARGET_NAME)";
			};
			name = Release;
		};
		94A338CA1F41411E00958421 /* Debug */ = {
			isa = XCBuildConfiguration;
			buildSettings = {
				BUNDLE_LOADER = "$(TEST_HOST)";
				DEVELOPMENT_TEAM = 6PKRU8JWQ6;
				INFOPLIST_FILE = WYPageViewTests/Info.plist;
				LD_RUNPATH_SEARCH_PATHS = "$(inherited) @executable_path/Frameworks @loader_path/Frameworks";
				PRODUCT_BUNDLE_IDENTIFIER = lwy1218.WYPageViewTests;
				PRODUCT_NAME = "$(TARGET_NAME)";
				TEST_HOST = "$(BUILT_PRODUCTS_DIR)/WYPageView.app/WYPageView";
			};
			name = Debug;
		};
		94A338CB1F41411E00958421 /* Release */ = {
			isa = XCBuildConfiguration;
			buildSettings = {
				BUNDLE_LOADER = "$(TEST_HOST)";
				DEVELOPMENT_TEAM = 6PKRU8JWQ6;
				INFOPLIST_FILE = WYPageViewTests/Info.plist;
				LD_RUNPATH_SEARCH_PATHS = "$(inherited) @executable_path/Frameworks @loader_path/Frameworks";
				PRODUCT_BUNDLE_IDENTIFIER = lwy1218.WYPageViewTests;
				PRODUCT_NAME = "$(TARGET_NAME)";
				TEST_HOST = "$(BUILT_PRODUCTS_DIR)/WYPageView.app/WYPageView";
			};
			name = Release;
		};
		94A338CD1F41411E00958421 /* Debug */ = {
			isa = XCBuildConfiguration;
			buildSettings = {
				DEVELOPMENT_TEAM = 6PKRU8JWQ6;
				INFOPLIST_FILE = WYPageViewUITests/Info.plist;
				LD_RUNPATH_SEARCH_PATHS = "$(inherited) @executable_path/Frameworks @loader_path/Frameworks";
				PRODUCT_BUNDLE_IDENTIFIER = lwy1218.WYPageViewUITests;
				PRODUCT_NAME = "$(TARGET_NAME)";
				TEST_TARGET_NAME = WYPageView;
			};
			name = Debug;
		};
		94A338CE1F41411E00958421 /* Release */ = {
			isa = XCBuildConfiguration;
			buildSettings = {
				DEVELOPMENT_TEAM = 6PKRU8JWQ6;
				INFOPLIST_FILE = WYPageViewUITests/Info.plist;
				LD_RUNPATH_SEARCH_PATHS = "$(inherited) @executable_path/Frameworks @loader_path/Frameworks";
				PRODUCT_BUNDLE_IDENTIFIER = lwy1218.WYPageViewUITests;
				PRODUCT_NAME = "$(TARGET_NAME)";
				TEST_TARGET_NAME = WYPageView;
			};
			name = Release;
		};
/* End XCBuildConfiguration section */

/* Begin XCConfigurationList section */
		94A338941F41411E00958421 /* Build configuration list for PBXProject "WYPageView" */ = {
			isa = XCConfigurationList;
			buildConfigurations = (
				94A338C41F41411E00958421 /* Debug */,
				94A338C51F41411E00958421 /* Release */,
			);
			defaultConfigurationIsVisible = 0;
			defaultConfigurationName = Release;
		};
		94A338C61F41411E00958421 /* Build configuration list for PBXNativeTarget "WYPageView" */ = {
			isa = XCConfigurationList;
			buildConfigurations = (
				94A338C71F41411E00958421 /* Debug */,
				94A338C81F41411E00958421 /* Release */,
			);
			defaultConfigurationIsVisible = 0;
			defaultConfigurationName = Release;
		};
		94A338C91F41411E00958421 /* Build configuration list for PBXNativeTarget "WYPageViewTests" */ = {
			isa = XCConfigurationList;
			buildConfigurations = (
				94A338CA1F41411E00958421 /* Debug */,
				94A338CB1F41411E00958421 /* Release */,
			);
			defaultConfigurationIsVisible = 0;
			defaultConfigurationName = Release;
		};
		94A338CC1F41411E00958421 /* Build configuration list for PBXNativeTarget "WYPageViewUITests" */ = {
			isa = XCConfigurationList;
			buildConfigurations = (
				94A338CD1F41411E00958421 /* Debug */,
				94A338CE1F41411E00958421 /* Release */,
			);
			defaultConfigurationIsVisible = 0;
			defaultConfigurationName = Release;
		};
/* End XCConfigurationList section */
	};
	rootObject = 94A338911F41411E00958421 /* Project object */;
}
